// !$*UTF8*$!
{
	archiveVersion = 1;
	classes = {
	};
	objectVersion = 56;
	objects = {

/* Begin PBXBuildFile section */
		6F1CEA4429E5A1060058FA1C /* Customs.swift in Sources */ = {isa = PBXBuildFile; fileRef = 6F1CEA4329E5A1060058FA1C /* Customs.swift */; };
		6F1CEA4629E5B4220058FA1C /* Hero.swift in Sources */ = {isa = PBXBuildFile; fileRef = 6F1CEA4529E5B4220058FA1C /* Hero.swift */; };
		6F1CEA4D29E5CAAE0058FA1C /* Persistence.swift in Sources */ = {isa = PBXBuildFile; fileRef = 6F1CEA4C29E5CAAE0058FA1C /* Persistence.swift */; };
		6F1CEA5229E5D0410058FA1C /* CatPills.swift in Sources */ = {isa = PBXBuildFile; fileRef = 6F1CEA5129E5D0410058FA1C /* CatPills.swift */; };
		6F2F468629C77E1900EF9D88 /* FetchedObjects.swift in Sources */ = {isa = PBXBuildFile; fileRef = 6F2F468529C77E1900EF9D88 /* FetchedObjects.swift */; };
		6F595ECF29C32C7E00DE7A33 /* UserProfile.swift in Sources */ = {isa = PBXBuildFile; fileRef = 6F595ECE29C32C7E00DE7A33 /* UserProfile.swift */; };
		6F77711629C1DDBD00AA3C5C /* Onboarding.swift in Sources */ = {isa = PBXBuildFile; fileRef = 6F77711529C1DDBD00AA3C5C /* Onboarding.swift */; };
		6F77711829C24D0600AA3C5C /* Home.swift in Sources */ = {isa = PBXBuildFile; fileRef = 6F77711729C24D0600AA3C5C /* Home.swift */; };
		6F77711A29C24D4700AA3C5C /* Menu.swift in Sources */ = {isa = PBXBuildFile; fileRef = 6F77711929C24D4700AA3C5C /* Menu.swift */; };
		6FA7534329E880C600804005 /* Dish+CoreDataClass.swift in Sources */ = {isa = PBXBuildFile; fileRef = 6FA7534129E880C600804005 /* Dish+CoreDataClass.swift */; };
		6FA7534429E880C600804005 /* Dish+CoreDataProperties.swift in Sources */ = {isa = PBXBuildFile; fileRef = 6FA7534229E880C600804005 /* Dish+CoreDataProperties.swift */; };
		6FA7534A29E8FDC500804005 /* ItemDetailView.swift in Sources */ = {isa = PBXBuildFile; fileRef = 6FA7534929E8FDC500804005 /* ItemDetailView.swift */; };
		6FA7534C29E90C5D00804005 /* Preview Content in Resources */ = {isa = PBXBuildFile; fileRef = 6FA7534B29E90C5D00804005 /* Preview Content */; };
		6FC0431229E4A14E007F1758 /* Header.swift in Sources */ = {isa = PBXBuildFile; fileRef = 6FC0431129E4A14E007F1758 /* Header.swift */; };
		6FF1896F29BF409D00FA36BC /* littlelemonAppApp.swift in Sources */ = {isa = PBXBuildFile; fileRef = 6FF1896E29BF409D00FA36BC /* littlelemonAppApp.swift */; };
		6FF1897329BF409E00FA36BC /* Assets.xcassets in Resources */ = {isa = PBXBuildFile; fileRef = 6FF1897229BF409E00FA36BC /* Assets.xcassets */; };
		6FF1897B29BF409E00FA36BC /* ExampleDatabase.xcdatamodeld in Sources */ = {isa = PBXBuildFile; fileRef = 6FF1897929BF409E00FA36BC /* ExampleDatabase.xcdatamodeld */; };
		6FF1898529BF409E00FA36BC /* littlelemonAppTests.swift in Sources */ = {isa = PBXBuildFile; fileRef = 6FF1898429BF409E00FA36BC /* littlelemonAppTests.swift */; };
		6FF1898F29BF409E00FA36BC /* littlelemonAppUITests.swift in Sources */ = {isa = PBXBuildFile; fileRef = 6FF1898E29BF409E00FA36BC /* littlelemonAppUITests.swift */; };
		6FF1899129BF409E00FA36BC /* littlelemonAppUITestsLaunchTests.swift in Sources */ = {isa = PBXBuildFile; fileRef = 6FF1899029BF409E00FA36BC /* littlelemonAppUITestsLaunchTests.swift */; };
		6FFF9EED29C77EF700604B18 /* MenuListModel.swift in Sources */ = {isa = PBXBuildFile; fileRef = 6FFF9EEC29C77EF700604B18 /* MenuListModel.swift */; };
		6FFF9EF129C77F2600604B18 /* MenuItemModel.swift in Sources */ = {isa = PBXBuildFile; fileRef = 6FFF9EF029C77F2600604B18 /* MenuItemModel.swift */; };
/* End PBXBuildFile section */

/* Begin PBXContainerItemProxy section */
		6FF1898129BF409E00FA36BC /* PBXContainerItemProxy */ = {
			isa = PBXContainerItemProxy;
			containerPortal = 6FF1896329BF409D00FA36BC /* Project object */;
			proxyType = 1;
			remoteGlobalIDString = 6FF1896A29BF409D00FA36BC;
			remoteInfo = littlelemonApp;
		};
		6FF1898B29BF409E00FA36BC /* PBXContainerItemProxy */ = {
			isa = PBXContainerItemProxy;
			containerPortal = 6FF1896329BF409D00FA36BC /* Project object */;
			proxyType = 1;
			remoteGlobalIDString = 6FF1896A29BF409D00FA36BC;
			remoteInfo = littlelemonApp;
		};
/* End PBXContainerItemProxy section */

/* Begin PBXFileReference section */
		6F1CEA4329E5A1060058FA1C /* Customs.swift */ = {isa = PBXFileReference; lastKnownFileType = sourcecode.swift; path = Customs.swift; sourceTree = "<group>"; };
		6F1CEA4529E5B4220058FA1C /* Hero.swift */ = {isa = PBXFileReference; lastKnownFileType = sourcecode.swift; path = Hero.swift; sourceTree = "<group>"; };
		6F1CEA4C29E5CAAE0058FA1C /* Persistence.swift */ = {isa = PBXFileReference; fileEncoding = 4; lastKnownFileType = sourcecode.swift; path = Persistence.swift; sourceTree = "<group>"; };
		6F1CEA5129E5D0410058FA1C /* CatPills.swift */ = {isa = PBXFileReference; lastKnownFileType = sourcecode.swift; path = CatPills.swift; sourceTree = "<group>"; };
		6F2F468529C77E1900EF9D88 /* FetchedObjects.swift */ = {isa = PBXFileReference; fileEncoding = 4; lastKnownFileType = sourcecode.swift; path = FetchedObjects.swift; sourceTree = "<group>"; };
		6F595ECE29C32C7E00DE7A33 /* UserProfile.swift */ = {isa = PBXFileReference; lastKnownFileType = sourcecode.swift; path = UserProfile.swift; sourceTree = "<group>"; };
		6F77711529C1DDBD00AA3C5C /* Onboarding.swift */ = {isa = PBXFileReference; lastKnownFileType = sourcecode.swift; path = Onboarding.swift; sourceTree = "<group>"; };
		6F77711729C24D0600AA3C5C /* Home.swift */ = {isa = PBXFileReference; lastKnownFileType = sourcecode.swift; path = Home.swift; sourceTree = "<group>"; };
		6F77711929C24D4700AA3C5C /* Menu.swift */ = {isa = PBXFileReference; lastKnownFileType = sourcecode.swift; path = Menu.swift; sourceTree = "<group>"; };
		6FA7534129E880C600804005 /* Dish+CoreDataClass.swift */ = {isa = PBXFileReference; lastKnownFileType = sourcecode.swift; path = "Dish+CoreDataClass.swift"; sourceTree = "<group>"; };
		6FA7534229E880C600804005 /* Dish+CoreDataProperties.swift */ = {isa = PBXFileReference; lastKnownFileType = sourcecode.swift; path = "Dish+CoreDataProperties.swift"; sourceTree = "<group>"; };
		6FA7534929E8FDC500804005 /* ItemDetailView.swift */ = {isa = PBXFileReference; fileEncoding = 4; lastKnownFileType = sourcecode.swift; path = ItemDetailView.swift; sourceTree = "<group>"; };
		6FA7534B29E90C5D00804005 /* Preview Content */ = {isa = PBXFileReference; lastKnownFileType = folder; path = "Preview Content"; sourceTree = "<group>"; };
		6FC0431129E4A14E007F1758 /* Header.swift */ = {isa = PBXFileReference; lastKnownFileType = sourcecode.swift; path = Header.swift; sourceTree = "<group>"; };
		6FF1896B29BF409D00FA36BC /* littlelemonApp.app */ = {isa = PBXFileReference; explicitFileType = wrapper.application; includeInIndex = 0; path = littlelemonApp.app; sourceTree = BUILT_PRODUCTS_DIR; };
		6FF1896E29BF409D00FA36BC /* littlelemonAppApp.swift */ = {isa = PBXFileReference; lastKnownFileType = sourcecode.swift; path = littlelemonAppApp.swift; sourceTree = "<group>"; };
		6FF1897229BF409E00FA36BC /* Assets.xcassets */ = {isa = PBXFileReference; lastKnownFileType = folder.assetcatalog; path = Assets.xcassets; sourceTree = "<group>"; };
		6FF1897A29BF409E00FA36BC /* littlelemonApp.xcdatamodel */ = {isa = PBXFileReference; lastKnownFileType = wrapper.xcdatamodel; path = littlelemonApp.xcdatamodel; sourceTree = "<group>"; };
		6FF1898029BF409E00FA36BC /* littlelemonAppTests.xctest */ = {isa = PBXFileReference; explicitFileType = wrapper.cfbundle; includeInIndex = 0; path = littlelemonAppTests.xctest; sourceTree = BUILT_PRODUCTS_DIR; };
		6FF1898429BF409E00FA36BC /* littlelemonAppTests.swift */ = {isa = PBXFileReference; lastKnownFileType = sourcecode.swift; path = littlelemonAppTests.swift; sourceTree = "<group>"; };
		6FF1898A29BF409E00FA36BC /* littlelemonAppUITests.xctest */ = {isa = PBXFileReference; explicitFileType = wrapper.cfbundle; includeInIndex = 0; path = littlelemonAppUITests.xctest; sourceTree = BUILT_PRODUCTS_DIR; };
		6FF1898E29BF409E00FA36BC /* littlelemonAppUITests.swift */ = {isa = PBXFileReference; lastKnownFileType = sourcecode.swift; path = littlelemonAppUITests.swift; sourceTree = "<group>"; };
		6FF1899029BF409E00FA36BC /* littlelemonAppUITestsLaunchTests.swift */ = {isa = PBXFileReference; lastKnownFileType = sourcecode.swift; path = littlelemonAppUITestsLaunchTests.swift; sourceTree = "<group>"; };
		6FFF9EEC29C77EF700604B18 /* MenuListModel.swift */ = {isa = PBXFileReference; lastKnownFileType = sourcecode.swift; path = MenuListModel.swift; sourceTree = "<group>"; };
		6FFF9EF029C77F2600604B18 /* MenuItemModel.swift */ = {isa = PBXFileReference; lastKnownFileType = sourcecode.swift; path = MenuItemModel.swift; sourceTree = "<group>"; };
		6FFF9EF229CA1A1B00604B18 /* Info.plist */ = {isa = PBXFileReference; lastKnownFileType = text.plist; path = Info.plist; sourceTree = "<group>"; };
/* End PBXFileReference section */

/* Begin PBXFrameworksBuildPhase section */
		6FF1896829BF409D00FA36BC /* Frameworks */ = {
			isa = PBXFrameworksBuildPhase;
			buildActionMask = 2147483647;
			files = (
			);
			runOnlyForDeploymentPostprocessing = 0;
		};
		6FF1897D29BF409E00FA36BC /* Frameworks */ = {
			isa = PBXFrameworksBuildPhase;
			buildActionMask = 2147483647;
			files = (
			);
			runOnlyForDeploymentPostprocessing = 0;
		};
		6FF1898729BF409E00FA36BC /* Frameworks */ = {
			isa = PBXFrameworksBuildPhase;
			buildActionMask = 2147483647;
			files = (
			);
			runOnlyForDeploymentPostprocessing = 0;
		};
/* End PBXFrameworksBuildPhase section */

/* Begin PBXGroup section */
		6F1CEA4729E5CA230058FA1C /* CoreData */ = {
			isa = PBXGroup;
			children = (
				6FA7534129E880C600804005 /* Dish+CoreDataClass.swift */,
				6FA7534229E880C600804005 /* Dish+CoreDataProperties.swift */,
				6F1CEA4C29E5CAAE0058FA1C /* Persistence.swift */,
				6FF1897929BF409E00FA36BC /* ExampleDatabase.xcdatamodeld */,
				6F2F468529C77E1900EF9D88 /* FetchedObjects.swift */,
			);
			path = CoreData;
			sourceTree = "<group>";
		};
		6F1CEA4E29E5CAC40058FA1C /* Model */ = {
			isa = PBXGroup;
			children = (
				6FFF9EEC29C77EF700604B18 /* MenuListModel.swift */,
				6FFF9EF029C77F2600604B18 /* MenuItemModel.swift */,
			);
			path = Model;
			sourceTree = "<group>";
		};
		6F1CEA4F29E5CAE50058FA1C /* Customs&Modules */ = {
			isa = PBXGroup;
			children = (
				6F1CEA4329E5A1060058FA1C /* Customs.swift */,
				6FC0431129E4A14E007F1758 /* Header.swift */,
				6F1CEA4529E5B4220058FA1C /* Hero.swift */,
				6F1CEA5129E5D0410058FA1C /* CatPills.swift */,
			);
			path = "Customs&Modules";
			sourceTree = "<group>";
		};
		6F1CEA5029E5CB160058FA1C /* Views */ = {
			isa = PBXGroup;
			children = (
				6F77711529C1DDBD00AA3C5C /* Onboarding.swift */,
				6F77711729C24D0600AA3C5C /* Home.swift */,
				6F77711929C24D4700AA3C5C /* Menu.swift */,
				6F595ECE29C32C7E00DE7A33 /* UserProfile.swift */,
				6FA7534929E8FDC500804005 /* ItemDetailView.swift */,
			);
			path = Views;
			sourceTree = "<group>";
		};
		6FF1896229BF409D00FA36BC = {
			isa = PBXGroup;
			children = (
				6FF1896D29BF409D00FA36BC /* littlelemonApp */,
				6FF1898329BF409E00FA36BC /* littlelemonAppTests */,
				6FF1898D29BF409E00FA36BC /* littlelemonAppUITests */,
				6FF1896C29BF409D00FA36BC /* Products */,
			);
			sourceTree = "<group>";
		};
		6FF1896C29BF409D00FA36BC /* Products */ = {
			isa = PBXGroup;
			children = (
				6FF1896B29BF409D00FA36BC /* littlelemonApp.app */,
				6FF1898029BF409E00FA36BC /* littlelemonAppTests.xctest */,
				6FF1898A29BF409E00FA36BC /* littlelemonAppUITests.xctest */,
			);
			name = Products;
			sourceTree = "<group>";
		};
		6FF1896D29BF409D00FA36BC /* littlelemonApp */ = {
			isa = PBXGroup;
			children = (
				6F1CEA5029E5CB160058FA1C /* Views */,
				6F1CEA4F29E5CAE50058FA1C /* Customs&Modules */,
				6F1CEA4E29E5CAC40058FA1C /* Model */,
				6F1CEA4729E5CA230058FA1C /* CoreData */,
				6FFF9EF229CA1A1B00604B18 /* Info.plist */,
				6FF1896E29BF409D00FA36BC /* littlelemonAppApp.swift */,
				6FF1897229BF409E00FA36BC /* Assets.xcassets */,
				6FA7534B29E90C5D00804005 /* Preview Content */,
			);
			path = littlelemonApp;
			sourceTree = "<group>";
		};
		6FF1898329BF409E00FA36BC /* littlelemonAppTests */ = {
			isa = PBXGroup;
			children = (
				6FF1898429BF409E00FA36BC /* littlelemonAppTests.swift */,
			);
			path = littlelemonAppTests;
			sourceTree = "<group>";
		};
		6FF1898D29BF409E00FA36BC /* littlelemonAppUITests */ = {
			isa = PBXGroup;
			children = (
				6FF1898E29BF409E00FA36BC /* littlelemonAppUITests.swift */,
				6FF1899029BF409E00FA36BC /* littlelemonAppUITestsLaunchTests.swift */,
			);
			path = littlelemonAppUITests;
			sourceTree = "<group>";
		};
/* End PBXGroup section */

/* Begin PBXNativeTarget section */
		6FF1896A29BF409D00FA36BC /* littlelemonApp */ = {
			isa = PBXNativeTarget;
			buildConfigurationList = 6FF1899429BF409E00FA36BC /* Build configuration list for PBXNativeTarget "littlelemonApp" */;
			buildPhases = (
				6FF1896729BF409D00FA36BC /* Sources */,
				6FF1896829BF409D00FA36BC /* Frameworks */,
				6FF1896929BF409D00FA36BC /* Resources */,
			);
			buildRules = (
			);
			dependencies = (
			);
			name = littlelemonApp;
			productName = littlelemonApp;
			productReference = 6FF1896B29BF409D00FA36BC /* littlelemonApp.app */;
			productType = "com.apple.product-type.application";
		};
		6FF1897F29BF409E00FA36BC /* littlelemonAppTests */ = {
			isa = PBXNativeTarget;
			buildConfigurationList = 6FF1899729BF409E00FA36BC /* Build configuration list for PBXNativeTarget "littlelemonAppTests" */;
			buildPhases = (
				6FF1897C29BF409E00FA36BC /* Sources */,
				6FF1897D29BF409E00FA36BC /* Frameworks */,
				6FF1897E29BF409E00FA36BC /* Resources */,
			);
			buildRules = (
			);
			dependencies = (
				6FF1898229BF409E00FA36BC /* PBXTargetDependency */,
			);
			name = littlelemonAppTests;
			productName = littlelemonAppTests;
			productReference = 6FF1898029BF409E00FA36BC /* littlelemonAppTests.xctest */;
			productType = "com.apple.product-type.bundle.unit-test";
		};
		6FF1898929BF409E00FA36BC /* littlelemonAppUITests */ = {
			isa = PBXNativeTarget;
			buildConfigurationList = 6FF1899A29BF409E00FA36BC /* Build configuration list for PBXNativeTarget "littlelemonAppUITests" */;
			buildPhases = (
				6FF1898629BF409E00FA36BC /* Sources */,
				6FF1898729BF409E00FA36BC /* Frameworks */,
				6FF1898829BF409E00FA36BC /* Resources */,
			);
			buildRules = (
			);
			dependencies = (
				6FF1898C29BF409E00FA36BC /* PBXTargetDependency */,
			);
			name = littlelemonAppUITests;
			productName = littlelemonAppUITests;
			productReference = 6FF1898A29BF409E00FA36BC /* littlelemonAppUITests.xctest */;
			productType = "com.apple.product-type.bundle.ui-testing";
		};
/* End PBXNativeTarget section */

/* Begin PBXProject section */
		6FF1896329BF409D00FA36BC /* Project object */ = {
			isa = PBXProject;
			attributes = {
				BuildIndependentTargetsInParallel = 1;
				LastSwiftUpdateCheck = 1420;
				LastUpgradeCheck = 1420;
				TargetAttributes = {
					6FF1896A29BF409D00FA36BC = {
						CreatedOnToolsVersion = 14.2;
					};
					6FF1897F29BF409E00FA36BC = {
						CreatedOnToolsVersion = 14.2;
						TestTargetID = 6FF1896A29BF409D00FA36BC;
					};
					6FF1898929BF409E00FA36BC = {
						CreatedOnToolsVersion = 14.2;
						TestTargetID = 6FF1896A29BF409D00FA36BC;
					};
				};
			};
			buildConfigurationList = 6FF1896629BF409D00FA36BC /* Build configuration list for PBXProject "littlelemonApp" */;
			compatibilityVersion = "Xcode 14.0";
			developmentRegion = en;
			hasScannedForEncodings = 0;
			knownRegions = (
				en,
				Base,
			);
			mainGroup = 6FF1896229BF409D00FA36BC;
			productRefGroup = 6FF1896C29BF409D00FA36BC /* Products */;
			projectDirPath = "";
			projectRoot = "";
			targets = (
				6FF1896A29BF409D00FA36BC /* littlelemonApp */,
				6FF1897F29BF409E00FA36BC /* littlelemonAppTests */,
				6FF1898929BF409E00FA36BC /* littlelemonAppUITests */,
			);
		};
/* End PBXProject section */

/* Begin PBXResourcesBuildPhase section */
		6FF1896929BF409D00FA36BC /* Resources */ = {
			isa = PBXResourcesBuildPhase;
			buildActionMask = 2147483647;
			files = (
				6FA7534C29E90C5D00804005 /* Preview Content in Resources */,
				6FF1897329BF409E00FA36BC /* Assets.xcassets in Resources */,
			);
			runOnlyForDeploymentPostprocessing = 0;
		};
		6FF1897E29BF409E00FA36BC /* Resources */ = {
			isa = PBXResourcesBuildPhase;
			buildActionMask = 2147483647;
			files = (
			);
			runOnlyForDeploymentPostprocessing = 0;
		};
		6FF1898829BF409E00FA36BC /* Resources */ = {
			isa = PBXResourcesBuildPhase;
			buildActionMask = 2147483647;
			files = (
			);
			runOnlyForDeploymentPostprocessing = 0;
		};
/* End PBXResourcesBuildPhase section */

/* Begin PBXSourcesBuildPhase section */
		6FF1896729BF409D00FA36BC /* Sources */ = {
			isa = PBXSourcesBuildPhase;
			buildActionMask = 2147483647;
			files = (
				6FFF9EED29C77EF700604B18 /* MenuListModel.swift in Sources */,
				6F77711A29C24D4700AA3C5C /* Menu.swift in Sources */,
				6F1CEA4429E5A1060058FA1C /* Customs.swift in Sources */,
				6F1CEA5229E5D0410058FA1C /* CatPills.swift in Sources */,
				6FC0431229E4A14E007F1758 /* Header.swift in Sources */,
				6F77711629C1DDBD00AA3C5C /* Onboarding.swift in Sources */,
				6FFF9EF129C77F2600604B18 /* MenuItemModel.swift in Sources */,
				6F595ECF29C32C7E00DE7A33 /* UserProfile.swift in Sources */,
				6FA7534A29E8FDC500804005 /* ItemDetailView.swift in Sources */,
				6F1CEA4D29E5CAAE0058FA1C /* Persistence.swift in Sources */,
				6F77711829C24D0600AA3C5C /* Home.swift in Sources */,
				6FF1897B29BF409E00FA36BC /* ExampleDatabase.xcdatamodeld in Sources */,
				6FA7534429E880C600804005 /* Dish+CoreDataProperties.swift in Sources */,
				6F1CEA4629E5B4220058FA1C /* Hero.swift in Sources */,
				6FF1896F29BF409D00FA36BC /* littlelemonAppApp.swift in Sources */,
				6FA7534329E880C600804005 /* Dish+CoreDataClass.swift in Sources */,
				6F2F468629C77E1900EF9D88 /* FetchedObjects.swift in Sources */,
			);
			runOnlyForDeploymentPostprocessing = 0;
		};
		6FF1897C29BF409E00FA36BC /* Sources */ = {
			isa = PBXSourcesBuildPhase;
			buildActionMask = 2147483647;
			files = (
				6FF1898529BF409E00FA36BC /* littlelemonAppTests.swift in Sources */,
			);
			runOnlyForDeploymentPostprocessing = 0;
		};
		6FF1898629BF409E00FA36BC /* Sources */ = {
			isa = PBXSourcesBuildPhase;
			buildActionMask = 2147483647;
			files = (
				6FF1899129BF409E00FA36BC /* littlelemonAppUITestsLaunchTests.swift in Sources */,
				6FF1898F29BF409E00FA36BC /* littlelemonAppUITests.swift in Sources */,
			);
			runOnlyForDeploymentPostprocessing = 0;
		};
/* End PBXSourcesBuildPhase section */

/* Begin PBXTargetDependency section */
		6FF1898229BF409E00FA36BC /* PBXTargetDependency */ = {
			isa = PBXTargetDependency;
			target = 6FF1896A29BF409D00FA36BC /* littlelemonApp */;
			targetProxy = 6FF1898129BF409E00FA36BC /* PBXContainerItemProxy */;
		};
		6FF1898C29BF409E00FA36BC /* PBXTargetDependency */ = {
			isa = PBXTargetDependency;
			target = 6FF1896A29BF409D00FA36BC /* littlelemonApp */;
			targetProxy = 6FF1898B29BF409E00FA36BC /* PBXContainerItemProxy */;
		};
/* End PBXTargetDependency section */

/* Begin XCBuildConfiguration section */
		6FF1899229BF409E00FA36BC /* Debug */ = {
			isa = XCBuildConfiguration;
			buildSettings = {
				ALWAYS_SEARCH_USER_PATHS = NO;
				CLANG_ANALYZER_NONNULL = YES;
				CLANG_ANALYZER_NUMBER_OBJECT_CONVERSION = YES_AGGRESSIVE;
				CLANG_CXX_LANGUAGE_STANDARD = "gnu++20";
				CLANG_ENABLE_MODULES = YES;
				CLANG_ENABLE_OBJC_ARC = YES;
				CLANG_ENABLE_OBJC_WEAK = YES;
				CLANG_WARN_BLOCK_CAPTURE_AUTORELEASING = YES;
				CLANG_WARN_BOOL_CONVERSION = YES;
				CLANG_WARN_COMMA = YES;
				CLANG_WARN_CONSTANT_CONVERSION = YES;
				CLANG_WARN_DEPRECATED_OBJC_IMPLEMENTATIONS = YES;
				CLANG_WARN_DIRECT_OBJC_ISA_USAGE = YES_ERROR;
				CLANG_WARN_DOCUMENTATION_COMMENTS = YES;
				CLANG_WARN_EMPTY_BODY = YES;
				CLANG_WARN_ENUM_CONVERSION = YES;
				CLANG_WARN_INFINITE_RECURSION = YES;
				CLANG_WARN_INT_CONVERSION = YES;
				CLANG_WARN_NON_LITERAL_NULL_CONVERSION = YES;
				CLANG_WARN_OBJC_IMPLICIT_RETAIN_SELF = YES;
				CLANG_WARN_OBJC_LITERAL_CONVERSION = YES;
				CLANG_WARN_OBJC_ROOT_CLASS = YES_ERROR;
				CLANG_WARN_QUOTED_INCLUDE_IN_FRAMEWORK_HEADER = YES;
				CLANG_WARN_RANGE_LOOP_ANALYSIS = YES;
				CLANG_WARN_STRICT_PROTOTYPES = YES;
				CLANG_WARN_SUSPICIOUS_MOVE = YES;
				CLANG_WARN_UNGUARDED_AVAILABILITY = YES_AGGRESSIVE;
				CLANG_WARN_UNREACHABLE_CODE = YES;
				CLANG_WARN__DUPLICATE_METHOD_MATCH = YES;
				COPY_PHASE_STRIP = NO;
				DEBUG_INFORMATION_FORMAT = dwarf;
				ENABLE_STRICT_OBJC_MSGSEND = YES;
				ENABLE_TESTABILITY = YES;
				GCC_C_LANGUAGE_STANDARD = gnu11;
				GCC_DYNAMIC_NO_PIC = NO;
				GCC_NO_COMMON_BLOCKS = YES;
				GCC_OPTIMIZATION_LEVEL = 0;
				GCC_PREPROCESSOR_DEFINITIONS = (
					"DEBUG=1",
					"$(inherited)",
				);
				GCC_WARN_64_TO_32_BIT_CONVERSION = YES;
				GCC_WARN_ABOUT_RETURN_TYPE = YES_ERROR;
				GCC_WARN_UNDECLARED_SELECTOR = YES;
				GCC_WARN_UNINITIALIZED_AUTOS = YES_AGGRESSIVE;
				GCC_WARN_UNUSED_FUNCTION = YES;
				GCC_WARN_UNUSED_VARIABLE = YES;
				IPHONEOS_DEPLOYMENT_TARGET = 16.2;
				MTL_ENABLE_DEBUG_INFO = INCLUDE_SOURCE;
				MTL_FAST_MATH = YES;
				ONLY_ACTIVE_ARCH = YES;
				SDKROOT = iphoneos;
				SWIFT_ACTIVE_COMPILATION_CONDITIONS = DEBUG;
				SWIFT_OPTIMIZATION_LEVEL = "-Onone";
			};
			name = Debug;
		};
		6FF1899329BF409E00FA36BC /* Release */ = {
			isa = XCBuildConfiguration;
			buildSettings = {
				ALWAYS_SEARCH_USER_PATHS = NO;
				CLANG_ANALYZER_NONNULL = YES;
				CLANG_ANALYZER_NUMBER_OBJECT_CONVERSION = YES_AGGRESSIVE;
				CLANG_CXX_LANGUAGE_STANDARD = "gnu++20";
				CLANG_ENABLE_MODULES = YES;
				CLANG_ENABLE_OBJC_ARC = YES;
				CLANG_ENABLE_OBJC_WEAK = YES;
				CLANG_WARN_BLOCK_CAPTURE_AUTORELEASING = YES;
				CLANG_WARN_BOOL_CONVERSION = YES;
				CLANG_WARN_COMMA = YES;
				CLANG_WARN_CONSTANT_CONVERSION = YES;
				CLANG_WARN_DEPRECATED_OBJC_IMPLEMENTATIONS = YES;
				CLANG_WARN_DIRECT_OBJC_ISA_USAGE = YES_ERROR;
				CLANG_WARN_DOCUMENTATION_COMMENTS = YES;
				CLANG_WARN_EMPTY_BODY = YES;
				CLANG_WARN_ENUM_CONVERSION = YES;
				CLANG_WARN_INFINITE_RECURSION = YES;
				CLANG_WARN_INT_CONVERSION = YES;
				CLANG_WARN_NON_LITERAL_NULL_CONVERSION = YES;
				CLANG_WARN_OBJC_IMPLICIT_RETAIN_SELF = YES;
				CLANG_WARN_OBJC_LITERAL_CONVERSION = YES;
				CLANG_WARN_OBJC_ROOT_CLASS = YES_ERROR;
				CLANG_WARN_QUOTED_INCLUDE_IN_FRAMEWORK_HEADER = YES;
				CLANG_WARN_RANGE_LOOP_ANALYSIS = YES;
				CLANG_WARN_STRICT_PROTOTYPES = YES;
				CLANG_WARN_SUSPICIOUS_MOVE = YES;
				CLANG_WARN_UNGUARDED_AVAILABILITY = YES_AGGRESSIVE;
				CLANG_WARN_UNREACHABLE_CODE = YES;
				CLANG_WARN__DUPLICATE_METHOD_MATCH = YES;
				COPY_PHASE_STRIP = NO;
				DEBUG_INFORMATION_FORMAT = "dwarf-with-dsym";
				ENABLE_NS_ASSERTIONS = NO;
				ENABLE_STRICT_OBJC_MSGSEND = YES;
				GCC_C_LANGUAGE_STANDARD = gnu11;
				GCC_NO_COMMON_BLOCKS = YES;
				GCC_WARN_64_TO_32_BIT_CONVERSION = YES;
				GCC_WARN_ABOUT_RETURN_TYPE = YES_ERROR;
				GCC_WARN_UNDECLARED_SELECTOR = YES;
				GCC_WARN_UNINITIALIZED_AUTOS = YES_AGGRESSIVE;
				GCC_WARN_UNUSED_FUNCTION = YES;
				GCC_WARN_UNUSED_VARIABLE = YES;
				IPHONEOS_DEPLOYMENT_TARGET = 16.2;
				MTL_ENABLE_DEBUG_INFO = NO;
				MTL_FAST_MATH = YES;
				SDKROOT = iphoneos;
				SWIFT_COMPILATION_MODE = wholemodule;
				SWIFT_OPTIMIZATION_LEVEL = "-O";
				VALIDATE_PRODUCT = YES;
			};
			name = Release;
		};
		6FF1899529BF409E00FA36BC /* Debug */ = {
			isa = XCBuildConfiguration;
			buildSettings = {
				ASSETCATALOG_COMPILER_APPICON_NAME = AppIcon;
				ASSETCATALOG_COMPILER_GLOBAL_ACCENT_COLOR_NAME = AccentColor;
				CODE_SIGN_STYLE = Automatic;
				CURRENT_PROJECT_VERSION = 1;
				DEVELOPMENT_ASSET_PATHS = "\"littlelemonApp/Preview Content\"";
				DEVELOPMENT_TEAM = NL2RPNDPCB;
				ENABLE_PREVIEWS = YES;
				GENERATE_INFOPLIST_FILE = YES;
				INFOPLIST_FILE = littlelemonApp/Info.plist;
				INFOPLIST_KEY_UIApplicationSupportsIndirectInputEvents = YES;
				INFOPLIST_KEY_UILaunchScreen_Generation = YES;
				INFOPLIST_KEY_UISupportedInterfaceOrientations_iPad = "UIInterfaceOrientationPortrait UIInterfaceOrientationPortraitUpsideDown UIInterfaceOrientationLandscapeLeft UIInterfaceOrientationLandscapeRight";
				INFOPLIST_KEY_UISupportedInterfaceOrientations_iPhone = "UIInterfaceOrientationPortrait UIInterfaceOrientationLandscapeLeft UIInterfaceOrientationLandscapeRight";
				LD_RUNPATH_SEARCH_PATHS = (
					"$(inherited)",
					"@executable_path/Frameworks",
				);
				MARKETING_VERSION = 1.0;
				PRODUCT_BUNDLE_IDENTIFIER = com.littlelemonapp.littlelemonApp;
				PRODUCT_NAME = "$(TARGET_NAME)";
				SWIFT_EMIT_LOC_STRINGS = YES;
				SWIFT_VERSION = 5.0;
				TARGETED_DEVICE_FAMILY = "1,2";
			};
			name = Debug;
		};
		6FF1899629BF409E00FA36BC /* Release */ = {
			isa = XCBuildConfiguration;
			buildSettings = {
				ASSETCATALOG_COMPILER_APPICON_NAME = AppIcon;
				ASSETCATALOG_COMPILER_GLOBAL_ACCENT_COLOR_NAME = AccentColor;
				CODE_SIGN_STYLE = Automatic;
				CURRENT_PROJECT_VERSION = 1;
				DEVELOPMENT_ASSET_PATHS = "\"littlelemonApp/Preview Content\"";
				DEVELOPMENT_TEAM = NL2RPNDPCB;
				ENABLE_PREVIEWS = YES;
				GENERATE_INFOPLIST_FILE = YES;
				INFOPLIST_FILE = littlelemonApp/Info.plist;
				INFOPLIST_KEY_UIApplicationSupportsIndirectInputEvents = YES;
				INFOPLIST_KEY_UILaunchScreen_Generation = YES;
				INFOPLIST_KEY_UISupportedInterfaceOrientations_iPad = "UIInterfaceOrientationPortrait UIInterfaceOrientationPortraitUpsideDown UIInterfaceOrientationLandscapeLeft UIInterfaceOrientationLandscapeRight";
				INFOPLIST_KEY_UISupportedInterfaceOrientations_iPhone = "UIInterfaceOrientationPortrait UIInterfaceOrientationLandscapeLeft UIInterfaceOrientationLandscapeRight";
				LD_RUNPATH_SEARCH_PATHS = (
					"$(inherited)",
					"@executable_path/Frameworks",
				);
				MARKETING_VERSION = 1.0;
				PRODUCT_BUNDLE_IDENTIFIER = com.littlelemonapp.littlelemonApp;
				PRODUCT_NAME = "$(TARGET_NAME)";
				SWIFT_EMIT_LOC_STRINGS = YES;
				SWIFT_VERSION = 5.0;
				TARGETED_DEVICE_FAMILY = "1,2";
			};
			name = Release;
		};
		6FF1899829BF409E00FA36BC /* Debug */ = {
			isa = XCBuildConfiguration;
			buildSettings = {
				ALWAYS_EMBED_SWIFT_STANDARD_LIBRARIES = YES;
				BUNDLE_LOADER = "$(TEST_HOST)";
				CODE_SIGN_STYLE = Automatic;
				CURRENT_PROJECT_VERSION = 1;
				DEVELOPMENT_TEAM = NL2RPNDPCB;
				GENERATE_INFOPLIST_FILE = YES;
				IPHONEOS_DEPLOYMENT_TARGET = 16.2;
				MARKETING_VERSION = 1.0;
				PRODUCT_BUNDLE_IDENTIFIER = com.littlelemonapp.littlelemonAppTests;
				PRODUCT_NAME = "$(TARGET_NAME)";
				SWIFT_EMIT_LOC_STRINGS = NO;
				SWIFT_VERSION = 5.0;
				TARGETED_DEVICE_FAMILY = "1,2";
				TEST_HOST = "$(BUILT_PRODUCTS_DIR)/littlelemonApp.app/$(BUNDLE_EXECUTABLE_FOLDER_PATH)/littlelemonApp";
			};
			name = Debug;
		};
		6FF1899929BF409E00FA36BC /* Release */ = {
			isa = XCBuildConfiguration;
			buildSettings = {
				ALWAYS_EMBED_SWIFT_STANDARD_LIBRARIES = YES;
				BUNDLE_LOADER = "$(TEST_HOST)";
				CODE_SIGN_STYLE = Automatic;
				CURRENT_PROJECT_VERSION = 1;
				DEVELOPMENT_TEAM = NL2RPNDPCB;
				GENERATE_INFOPLIST_FILE = YES;
				IPHONEOS_DEPLOYMENT_TARGET = 16.2;
				MARKETING_VERSION = 1.0;
				PRODUCT_BUNDLE_IDENTIFIER = com.littlelemonapp.littlelemonAppTests;
				PRODUCT_NAME = "$(TARGET_NAME)";
				SWIFT_EMIT_LOC_STRINGS = NO;
				SWIFT_VERSION = 5.0;
				TARGETED_DEVICE_FAMILY = "1,2";
				TEST_HOST = "$(BUILT_PRODUCTS_DIR)/littlelemonApp.app/$(BUNDLE_EXECUTABLE_FOLDER_PATH)/littlelemonApp";
			};
			name = Release;
		};
		6FF1899B29BF409E00FA36BC /* Debug */ = {
			isa = XCBuildConfiguration;
			buildSettings = {
				ALWAYS_EMBED_SWIFT_STANDARD_LIBRARIES = YES;
				CODE_SIGN_STYLE = Automatic;
				CURRENT_PROJECT_VERSION = 1;
				DEVELOPMENT_TEAM = NL2RPNDPCB;
				GENERATE_INFOPLIST_FILE = YES;
				MARKETING_VERSION = 1.0;
				PRODUCT_BUNDLE_IDENTIFIER = com.littlelemonapp.littlelemonAppUITests;
				PRODUCT_NAME = "$(TARGET_NAME)";
				SWIFT_EMIT_LOC_STRINGS = NO;
				SWIFT_VERSION = 5.0;
				TARGETED_DEVICE_FAMILY = "1,2";
				TEST_TARGET_NAME = littlelemonApp;
			};
			name = Debug;
		};
		6FF1899C29BF409E00FA36BC /* Release */ = {
			isa = XCBuildConfiguration;
			buildSettings = {
				ALWAYS_EMBED_SWIFT_STANDARD_LIBRARIES = YES;
				CODE_SIGN_STYLE = Automatic;
				CURRENT_PROJECT_VERSION = 1;
				DEVELOPMENT_TEAM = NL2RPNDPCB;
				GENERATE_INFOPLIST_FILE = YES;
				MARKETING_VERSION = 1.0;
				PRODUCT_BUNDLE_IDENTIFIER = com.littlelemonapp.littlelemonAppUITests;
				PRODUCT_NAME = "$(TARGET_NAME)";
				SWIFT_EMIT_LOC_STRINGS = NO;
				SWIFT_VERSION = 5.0;
				TARGETED_DEVICE_FAMILY = "1,2";
				TEST_TARGET_NAME = littlelemonApp;
			};
			name = Release;
		};
/* End XCBuildConfiguration section */

/* Begin XCConfigurationList section */
		6FF1896629BF409D00FA36BC /* Build configuration list for PBXProject "littlelemonApp" */ = {
			isa = XCConfigurationList;
			buildConfigurations = (
				6FF1899229BF409E00FA36BC /* Debug */,
				6FF1899329BF409E00FA36BC /* Release */,
			);
			defaultConfigurationIsVisible = 0;
			defaultConfigurationName = Release;
		};
		6FF1899429BF409E00FA36BC /* Build configuration list for PBXNativeTarget "littlelemonApp" */ = {
			isa = XCConfigurationList;
			buildConfigurations = (
				6FF1899529BF409E00FA36BC /* Debug */,
				6FF1899629BF409E00FA36BC /* Release */,
			);
			defaultConfigurationIsVisible = 0;
			defaultConfigurationName = Release;
		};
		6FF1899729BF409E00FA36BC /* Build configuration list for PBXNativeTarget "littlelemonAppTests" */ = {
			isa = XCConfigurationList;
			buildConfigurations = (
				6FF1899829BF409E00FA36BC /* Debug */,
				6FF1899929BF409E00FA36BC /* Release */,
			);
			defaultConfigurationIsVisible = 0;
			defaultConfigurationName = Release;
		};
		6FF1899A29BF409E00FA36BC /* Build configuration list for PBXNativeTarget "littlelemonAppUITests" */ = {
			isa = XCConfigurationList;
			buildConfigurations = (
				6FF1899B29BF409E00FA36BC /* Debug */,
				6FF1899C29BF409E00FA36BC /* Release */,
			);
			defaultConfigurationIsVisible = 0;
			defaultConfigurationName = Release;
		};
/* End XCConfigurationList section */

/* Begin XCVersionGroup section */
		6FF1897929BF409E00FA36BC /* ExampleDatabase.xcdatamodeld */ = {
			isa = XCVersionGroup;
			children = (
				6FF1897A29BF409E00FA36BC /* littlelemonApp.xcdatamodel */,
			);
			currentVersion = 6FF1897A29BF409E00FA36BC /* littlelemonApp.xcdatamodel */;
			path = ExampleDatabase.xcdatamodeld;
			sourceTree = "<group>";
			versionGroupType = wrapper.xcdatamodel;
		};
/* End XCVersionGroup section */
	};
	rootObject = 6FF1896329BF409D00FA36BC /* Project object */;
}
